
Microsoft Visual Studio Solution File, Format Version 12.00
# Visual Studio Version 17
VisualStudioVersion = 17.8.34511.84
MinimumVisualStudioVersion = 10.0.40219.1
Project("{FAE04EC0-301F-11D3-BF4B-00C04F79EFBC}") = "MessageWallApi", "MessageWallApi\MessageWallApi.csproj", "{4EBAA409-289C-4364-BB6A-7D1D28EF7791}"
EndProject
Global
	GlobalSection(SolutionConfigurationPlatforms) = preSolution
		Debug|Any CPU = Debug|Any CPU
		Release|Any CPU = Release|Any CPU
	EndGlobalSection
	GlobalSection(ProjectConfigurationPlatforms) = postSolution
		{4EBAA409-289C-4364-BB6A-7D1D28EF7791}.Debug|Any CPU.ActiveCfg = Debug|Any CPU
		{4EBAA409-289C-4364-BB6A-7D1D28EF7791}.Debug|Any CPU.Build.0 = Debug|Any CPU
		{4EBAA409-289C-4364-BB6A-7D1D28EF7791}.Release|Any CPU.ActiveCfg = Release|Any CPU
		{4EBAA409-289C-4364-BB6A-7D1D28EF7791}.Release|Any CPU.Build.0 = Release|Any CPU
	EndGlobalSection
	GlobalSection(SolutionProperties) = preSolution
		HideSolutionNode = FALSE
	EndGlobalSection
	GlobalSection(ExtensibilityGlobals) = postSolution
		SolutionGuid = {120E9BAB-A681-473C-94EC-AC2DFAF4A5EB}
	EndGlobalSection
EndGlobal
